<?xml version="1.0" encoding="UTF-8" standalone="yes" ?>
<CodeBlocks_project_file>
	<FileVersion major="1" minor="6" />
	<Project>
		<Option title="Wizmatch" />
		<Option pch_mode="2" />
		<Option compiler="gcc" />
		<Build>
			<Target title="Debug">
				<Option output="bin/Debug/Wizmatch" prefix_auto="1" extension_auto="1" />
				<Option object_output="obj/Debug/" />
				<Option type="1" />
				<Option compiler="gcc" />
				<Compiler>
					<Add option="-std=c++11" />
					<Add option="-Wall" />
					<Add option="-g" />
				</Compiler>
			</Target>
			<Target title="Release">
				<Option output="bin/Release/Wizmatch" prefix_auto="1" extension_auto="1" />
				<Option object_output="obj/Release/" />
				<Option type="1" />
				<Option compiler="gcc" />
				<Compiler>
					<Add option="-O2" />
					<Add option="-std=c++11" />
				</Compiler>
				<Linker>
					<Add option="-s" />
				</Linker>
			</Target>
		</Build>
		<Compiler>
			<Add option="-std=c++11" />
			<Add option="-Wall" />
			<Add option="-fexceptions" />
			<Add option="-DSFML_STATIC" />
			<Add option="-DGLEW_STATIC" />
			<Add directory="../include" />
		</Compiler>
		<Linker>
			<Add option="-static-libgcc" />
			<Add option="-static-libstdc++" />
			<Add library="glu32" />
			<Add library="sfml-graphics-s" />
			<Add library="sfml-window-s" />
			<Add library="sfml-system-s" />
			<Add directory="../lib" />
			<Add directory="../lib/SFML" />
		</Linker>
		<Unit filename="AnimatedBillboard.cpp" />
		<Unit filename="AnimatedBillboard.h" />
		<Unit filename="AssetManager.cpp" />
		<Unit filename="AssetManager.h" />
		<Unit filename="Camera.cpp" />
		<Unit filename="Camera.h" />
		<Unit filename="Client.h" />
		<Unit filename="Config.cpp" />
		<Unit filename="Config.h" />
		<Unit filename="Effect.cpp" />
		<Unit filename="Effect.h" />
		<Unit filename="Entity.cpp" />
		<Unit filename="Entity.h" />
		<Unit filename="Frustum.cpp" />
		<Unit filename="Frustum.h" />
		<Unit filename="IcosphereGenerator.cpp" />
		<Unit filename="IcosphereGenerator.h" />
		<Unit filename="InputState.cpp" />
		<Unit filename="InputState.h" />
		<Unit filename="Light.cpp" />
		<Unit filename="Light.h" />
		<Unit filename="Player.cpp" />
		<Unit filename="Player.h" />
		<Unit filename="Potion.h" />
		<Unit filename="ProjectionState.cpp" />
		<Unit filename="ProjectionState.h" />
		<Unit filename="RenderManager.cpp" />
		<Unit filename="RenderManager.h" />
		<Unit filename="Server.h" />
		<Unit filename="Simulation.cpp" />
		<Unit filename="Simulation.h" />
		<Unit filename="SpellSet.h" />
		<Unit filename="StaticGeometry.cpp" />
		<Unit filename="StaticGeometry.h" />
		<Unit filename="frmr/BoundingBox.cpp" />
		<Unit filename="frmr/BoundingBox.h" />
		<Unit filename="frmr/Encoder.h" />
		<Unit filename="frmr/Octree.cpp" />
		<Unit filename="frmr/Octree.h" />
		<Unit filename="frmr/Shader.cpp" />
		<Unit filename="frmr/Shader.h" />
		<Unit filename="frmr/TextFile.cpp" />
		<Unit filename="frmr/TextFile.h" />
		<Unit filename="frmr/TimeManager.cpp" />
		<Unit filename="frmr/TimeManager.h" />
		<Unit filename="frmr/Triangle.cpp" />
		<Unit filename="frmr/Triangle.h" />
		<Unit filename="frmr/Vec2f.cpp" />
		<Unit filename="frmr/Vec2f.h" />
		<Unit filename="frmr/Vec3f.cpp" />
		<Unit filename="frmr/Vec3f.h" />
		<Unit filename="frmr/frmrMath.cpp" />
		<Unit filename="frmr/frmrMath.h" />
		<Unit filename="main.cpp" />
		<Extensions>
			<DoxyBlocks>
				<comment_style block="0" line="0" />
				<doxyfile_project />
				<doxyfile_build />
				<doxyfile_warnings />
				<doxyfile_output />
				<doxyfile_dot />
				<general />
			</DoxyBlocks>
			<code_completion />
			<envvars />
			<debugger />
			<lib_finder disable_auto="1" />
		</Extensions>
	</Project>
</CodeBlocks_project_file>
